
Microsoft Visual Studio Solution File, Format Version 12.00
# Visual Studio Version 17
VisualStudioVersion = 17.14.36109.1 d17.14
MinimumVisualStudioVersion = 10.0.40219.1
Project("{FAE04EC0-301F-11D3-BF4B-00C04F79EFBC}") = "TodoApi", "TodoApi\TodoApi.csproj", "{876D7B52-A4D1-4AC0-9778-7AD12604710F}"
EndProject
Global
	GlobalSection(SolutionConfigurationPlatforms) = preSolution
		Debug|Any CPU = Debug|Any CPU
		Release|Any CPU = Release|Any CPU
	EndGlobalSection
	GlobalSection(ProjectConfigurationPlatforms) = postSolution
		{876D7B52-A4D1-4AC0-9778-7AD12604710F}.Debug|Any CPU.ActiveCfg = Debug|Any CPU
		{876D7B52-A4D1-4AC0-9778-7AD12604710F}.Debug|Any CPU.Build.0 = Debug|Any CPU
		{876D7B52-A4D1-4AC0-9778-7AD12604710F}.Release|Any CPU.ActiveCfg = Release|Any CPU
		{876D7B52-A4D1-4AC0-9778-7AD12604710F}.Release|Any CPU.Build.0 = Release|Any CPU
	EndGlobalSection
	GlobalSection(SolutionProperties) = preSolution
		HideSolutionNode = FALSE
	EndGlobalSection
	GlobalSection(ExtensibilityGlobals) = postSolution
		SolutionGuid = {15A5F919-D478-4E76-B50A-CFFD974F51DB}
	EndGlobalSection
EndGlobal
